
Microsoft Visual Studio Solution File, Format Version 12.00
# Visual Studio Version 17
VisualStudioVersion = 17.1.32414.318
MinimumVisualStudioVersion = 10.0.40219.1
Project("{FAE04EC0-301F-11D3-BF4B-00C04F79EFBC}") = "QLCuaHangBanhKeo", "QLCuaHangBanhKeo\QLCuaHangBanhKeo.csproj", "{0A04A208-EB71-4682-9297-B19FE68537D9}"
EndProject
Global
	GlobalSection(SolutionConfigurationPlatforms) = preSolution
		Debug|Any CPU = Debug|Any CPU
		Release|Any CPU = Release|Any CPU
	EndGlobalSection
	GlobalSection(ProjectConfigurationPlatforms) = postSolution
		{0A04A208-EB71-4682-9297-B19FE68537D9}.Debug|Any CPU.ActiveCfg = Debug|Any CPU
		{0A04A208-EB71-4682-9297-B19FE68537D9}.Debug|Any CPU.Build.0 = Debug|Any CPU
		{0A04A208-EB71-4682-9297-B19FE68537D9}.Release|Any CPU.ActiveCfg = Release|Any CPU
		{0A04A208-EB71-4682-9297-B19FE68537D9}.Release|Any CPU.Build.0 = Release|Any CPU
	EndGlobalSection
	GlobalSection(SolutionProperties) = preSolution
		HideSolutionNode = FALSE
	EndGlobalSection
	GlobalSection(ExtensibilityGlobals) = postSolution
		SolutionGuid = {4B42BC69-A658-444F-B0BA-8466CEEB4138}
	EndGlobalSection
EndGlobal
